
Microsoft Visual Studio Solution File, Format Version 12.00
# Visual Studio Version 16
VisualStudioVersion = 16.0.29905.134
MinimumVisualStudioVersion = 10.0.40219.1
Project("{FAE04EC0-301F-11D3-BF4B-00C04F79EFBC}") = "SuperReaders.API", "SuperReaders.API\SuperReaders.API.csproj", "{B140EF43-D05F-46D3-BF9E-1079BE7F464B}"
EndProject
Project("{FAE04EC0-301F-11D3-BF4B-00C04F79EFBC}") = "SuperReaders.Contracts", "SuperReaders.Contracts\SuperReaders.Contracts.csproj", "{C70EA053-3F66-4657-9D79-C9BA46617D1B}"
EndProject
Project("{FAE04EC0-301F-11D3-BF4B-00C04F79EFBC}") = "SuperReaders.Models", "SuperReaders.Models\SuperReaders.Models.csproj", "{9577C43D-0C03-4D11-9D9A-0CA16CC47C5C}"
EndProject
Project("{FAE04EC0-301F-11D3-BF4B-00C04F79EFBC}") = "SuperReaders.Services", "SuperReaders.Services\SuperReaders.Services.csproj", "{2B33B29E-2C01-493C-8CAC-3E81C52B5986}"
EndProject
Global
	GlobalSection(SolutionConfigurationPlatforms) = preSolution
		Debug|Any CPU = Debug|Any CPU
		Release|Any CPU = Release|Any CPU
	EndGlobalSection
	GlobalSection(ProjectConfigurationPlatforms) = postSolution
		{B140EF43-D05F-46D3-BF9E-1079BE7F464B}.Debug|Any CPU.ActiveCfg = Debug|Any CPU
		{B140EF43-D05F-46D3-BF9E-1079BE7F464B}.Debug|Any CPU.Build.0 = Debug|Any CPU
		{B140EF43-D05F-46D3-BF9E-1079BE7F464B}.Release|Any CPU.ActiveCfg = Release|Any CPU
		{B140EF43-D05F-46D3-BF9E-1079BE7F464B}.Release|Any CPU.Build.0 = Release|Any CPU
		{C70EA053-3F66-4657-9D79-C9BA46617D1B}.Debug|Any CPU.ActiveCfg = Debug|Any CPU
		{C70EA053-3F66-4657-9D79-C9BA46617D1B}.Debug|Any CPU.Build.0 = Debug|Any CPU
		{C70EA053-3F66-4657-9D79-C9BA46617D1B}.Release|Any CPU.ActiveCfg = Release|Any CPU
		{C70EA053-3F66-4657-9D79-C9BA46617D1B}.Release|Any CPU.Build.0 = Release|Any CPU
		{9577C43D-0C03-4D11-9D9A-0CA16CC47C5C}.Debug|Any CPU.ActiveCfg = Debug|Any CPU
		{9577C43D-0C03-4D11-9D9A-0CA16CC47C5C}.Debug|Any CPU.Build.0 = Debug|Any CPU
		{9577C43D-0C03-4D11-9D9A-0CA16CC47C5C}.Release|Any CPU.ActiveCfg = Release|Any CPU
		{9577C43D-0C03-4D11-9D9A-0CA16CC47C5C}.Release|Any CPU.Build.0 = Release|Any CPU
		{2B33B29E-2C01-493C-8CAC-3E81C52B5986}.Debug|Any CPU.ActiveCfg = Debug|Any CPU
		{2B33B29E-2C01-493C-8CAC-3E81C52B5986}.Debug|Any CPU.Build.0 = Debug|Any CPU
		{2B33B29E-2C01-493C-8CAC-3E81C52B5986}.Release|Any CPU.ActiveCfg = Release|Any CPU
		{2B33B29E-2C01-493C-8CAC-3E81C52B5986}.Release|Any CPU.Build.0 = Release|Any CPU
	EndGlobalSection
	GlobalSection(SolutionProperties) = preSolution
		HideSolutionNode = FALSE
	EndGlobalSection
	GlobalSection(ExtensibilityGlobals) = postSolution
		SolutionGuid = {46A04CB3-F85C-451A-9061-388BF52163CC}
	EndGlobalSection
EndGlobal
