
Microsoft Visual Studio Solution File, Format Version 12.00
# Visual Studio Version 16
VisualStudioVersion = 16.0.29905.134
MinimumVisualStudioVersion = 10.0.40219.1
Project("{9A19103F-16F7-4668-BE54-9A1E7A4F7556}") = "SuperReaders.API", "SuperReaders.API\SuperReaders.API.csproj", "{4C2D3D05-D949-47DD-AE16-74107BE065D2}"
EndProject
Project("{FAE04EC0-301F-11D3-BF4B-00C04F79EFBC}") = "SuperReaders.Models", "SuperReaders.Models\SuperReaders.Models.csproj", "{F6889875-586D-48CA-B767-18E8FA657872}"
EndProject
Project("{FAE04EC0-301F-11D3-BF4B-00C04F79EFBC}") = "SuperReaders.Contracts", "SuperReaders.Contracts\SuperReaders.Contracts.csproj", "{CF6049BD-B5A3-4A0F-9843-4107D29AB7BE}"
EndProject
Project("{FAE04EC0-301F-11D3-BF4B-00C04F79EFBC}") = "SuperReaders.Services", "SuperReaders.Services\SuperReaders.Services.csproj", "{54849BDB-C8B4-420B-8113-198B88D22916}"
EndProject
Global
	GlobalSection(SolutionConfigurationPlatforms) = preSolution
		Debug|Any CPU = Debug|Any CPU
		Release|Any CPU = Release|Any CPU
	EndGlobalSection
	GlobalSection(ProjectConfigurationPlatforms) = postSolution
		{4C2D3D05-D949-47DD-AE16-74107BE065D2}.Debug|Any CPU.ActiveCfg = Debug|Any CPU
		{4C2D3D05-D949-47DD-AE16-74107BE065D2}.Debug|Any CPU.Build.0 = Debug|Any CPU
		{4C2D3D05-D949-47DD-AE16-74107BE065D2}.Release|Any CPU.ActiveCfg = Release|Any CPU
		{4C2D3D05-D949-47DD-AE16-74107BE065D2}.Release|Any CPU.Build.0 = Release|Any CPU
		{F6889875-586D-48CA-B767-18E8FA657872}.Debug|Any CPU.ActiveCfg = Debug|Any CPU
		{F6889875-586D-48CA-B767-18E8FA657872}.Debug|Any CPU.Build.0 = Debug|Any CPU
		{F6889875-586D-48CA-B767-18E8FA657872}.Release|Any CPU.ActiveCfg = Release|Any CPU
		{F6889875-586D-48CA-B767-18E8FA657872}.Release|Any CPU.Build.0 = Release|Any CPU
		{CF6049BD-B5A3-4A0F-9843-4107D29AB7BE}.Debug|Any CPU.ActiveCfg = Debug|Any CPU
		{CF6049BD-B5A3-4A0F-9843-4107D29AB7BE}.Debug|Any CPU.Build.0 = Debug|Any CPU
		{CF6049BD-B5A3-4A0F-9843-4107D29AB7BE}.Release|Any CPU.ActiveCfg = Release|Any CPU
		{CF6049BD-B5A3-4A0F-9843-4107D29AB7BE}.Release|Any CPU.Build.0 = Release|Any CPU
		{54849BDB-C8B4-420B-8113-198B88D22916}.Debug|Any CPU.ActiveCfg = Debug|Any CPU
		{54849BDB-C8B4-420B-8113-198B88D22916}.Debug|Any CPU.Build.0 = Debug|Any CPU
		{54849BDB-C8B4-420B-8113-198B88D22916}.Release|Any CPU.ActiveCfg = Release|Any CPU
		{54849BDB-C8B4-420B-8113-198B88D22916}.Release|Any CPU.Build.0 = Release|Any CPU
	EndGlobalSection
	GlobalSection(SolutionProperties) = preSolution
		HideSolutionNode = FALSE
	EndGlobalSection
	GlobalSection(ExtensibilityGlobals) = postSolution
		SolutionGuid = {9A23A4F0-76E0-4F09-829F-2435E2D5651C}
	EndGlobalSection
EndGlobal
