
Microsoft Visual Studio Solution File, Format Version 12.00
# Visual Studio 15
VisualStudioVersion = 15.0.28307.1062
MinimumVisualStudioVersion = 10.0.40219.1
Project("{00D1A9C2-B5F0-4AF3-8072-F6C62B433612}") = "SuperReaders.DB", "SuperReaders.DB\SuperReaders.DB.sqlproj", "{6957D440-CA97-4D2A-AC3A-7D17C0125CEE}"
EndProject
Global
	GlobalSection(SolutionConfigurationPlatforms) = preSolution
		Debug|Any CPU = Debug|Any CPU
		Release|Any CPU = Release|Any CPU
	EndGlobalSection
	GlobalSection(ProjectConfigurationPlatforms) = postSolution
		{6957D440-CA97-4D2A-AC3A-7D17C0125CEE}.Debug|Any CPU.ActiveCfg = Debug|Any CPU
		{6957D440-CA97-4D2A-AC3A-7D17C0125CEE}.Debug|Any CPU.Build.0 = Debug|Any CPU
		{6957D440-CA97-4D2A-AC3A-7D17C0125CEE}.Debug|Any CPU.Deploy.0 = Debug|Any CPU
		{6957D440-CA97-4D2A-AC3A-7D17C0125CEE}.Release|Any CPU.ActiveCfg = Release|Any CPU
		{6957D440-CA97-4D2A-AC3A-7D17C0125CEE}.Release|Any CPU.Build.0 = Release|Any CPU
		{6957D440-CA97-4D2A-AC3A-7D17C0125CEE}.Release|Any CPU.Deploy.0 = Release|Any CPU
	EndGlobalSection
	GlobalSection(SolutionProperties) = preSolution
		HideSolutionNode = FALSE
	EndGlobalSection
	GlobalSection(ExtensibilityGlobals) = postSolution
		SolutionGuid = {2E84C20C-FC75-40DE-A6AB-13ECAB82410D}
	EndGlobalSection
EndGlobal
